schema: '2.0'
stages:
  prepare:
    cmd: python src/prepare.py data/data.xml
    deps:
    - path: data/data.xml
      md5: 22a1a2931c8370d3aeedd7183606fd7f
      size: 14445097
    - path: src/prepare.py
      md5: f09ea0c15980b43010257ccb9f0055e2
      size: 1627
    params:
      params.yaml:
        prepare.seed: 20170428
        prepare.split: 0.08
    outs:
    - path: data/prepared
      md5: 4f5312699e1ad558bbaa45a1ef23524e.dir
      size: 8437363
      nfiles: 2
  featurize:
    cmd: python src/featurization.py data/prepared data/features
    deps:
    - path: data/prepared
      md5: 4f5312699e1ad558bbaa45a1ef23524e.dir
      size: 8437363
      nfiles: 2
    - path: src/featurization.py
      md5: 400b3aa6627de17d1ac8be02ebc45c5d
      size: 2566
    params:
      params.yaml:
        featurize.max_features: 200
        featurize.ngrams: 2
    outs:
    - path: data/features
      md5: b0514026cdfe93bd738ad58fa617bddb.dir
      size: 2232527
      nfiles: 2
  train:
    cmd: python src/train.py data/features model.pkl
    deps:
    - path: data/features
      md5: b0514026cdfe93bd738ad58fa617bddb.dir
      size: 2232527
      nfiles: 2
    - path: src/train.py
      md5: c3961d777cfbd7727f9fde4851896006
      size: 1006
    params:
      params.yaml:
        train.min_split: 0.01
        train.n_est: 50
        train.seed: 20170428
    outs:
    - path: model.pkl
      md5: 126810d0bf38c9b3621fe40a55684c60
      size: 1860021
  evaluate:
    cmd: python src/evaluate.py model.pkl data/features
    deps:
    - path: data/features
      md5: b0514026cdfe93bd738ad58fa617bddb.dir
      size: 2232527
      nfiles: 2
    - path: model.pkl
      md5: 126810d0bf38c9b3621fe40a55684c60
      size: 1860021
    - path: src/evaluate.py
      md5: 44e714021a65edf881b1716e791d7f59
      size: 2418
    outs:
    - path: evaluation.json
      md5: 0d36fd32db3861739c54673c32e706fb
      size: 73
    - path: evaluation/importance.png
      md5: cde951034aeeb08868200b805181ef97
      size: 33095
    - path: evaluation/plots/confusion_matrix.json
      md5: 50531312b5aad978dc879100ce2616da
      size: 48436
    - path: evaluation/plots/precision_recall.json
      md5: 363960eac69c3140ff91e947db77ddea
      size: 106671
    - path: evaluation/plots/roc.json
      md5: d448c981ce7750df02001d175f10929b
      size: 15777
